{
  "nodes": {
    "agenix": {
      "inputs": {
        "darwin": [
          "nix-darwin"
        ],
        "home-manager": [
          "home-manager"
        ],
        "nixpkgs": [
          "nixpkgs"
        ],
        "systems": [
          "systems"
        ]
      },
      "locked": {
        "lastModified": 1762618334,
        "narHash": "sha256-wyT7Pl6tMFbFrs8Lk/TlEs81N6L+VSybPfiIgzU8lbQ=",
        "owner": "ryantm",
        "repo": "agenix",
        "rev": "fcdea223397448d35d9b31f798479227e80183f6",
        "type": "github"
      },
      "original": {
        "owner": "ryantm",
        "repo": "agenix",
        "type": "github"
      }
    },
    "anemone": {
      "flake": false,
      "locked": {
        "lastModified": 1749164920,
        "narHash": "sha256-XwggfJBnk9bxOVe6EIeerjebsqDXpqeAJ8umq5GPbIg=",
        "owner": "Speyll",
        "repo": "anemone",
        "rev": "0fa77c2eeccd096f6def3b540a9417a1b54fdd5f",
        "type": "github"
      },
      "original": {
        "owner": "Speyll",
        "repo": "anemone",
        "type": "github"
      }
    },
    "brew-src": {
      "flake": false,
      "locked": {
        "lastModified": 1761551821,
        "narHash": "sha256-N3Zj73TAxclhLGgADbPVwcVrhYIBKUgAxjfQuOXre6s=",
        "owner": "Homebrew",
        "repo": "brew",
        "rev": "8f6719274133c5bcc24c058c5a6bcbb3b0cd48b3",
        "type": "github"
      },
      "original": {
        "owner": "Homebrew",
        "ref": "4.6.19",
        "repo": "brew",
        "type": "github"
      }
    },
    "disko": {
      "inputs": {
        "nixpkgs": [
          "nixpkgs"
        ]
      },
      "locked": {
        "lastModified": 1763651264,
        "narHash": "sha256-8vvwZbw0s7YvBMJeyPVpWke6lg6ROgtts5N2/SMCcv4=",
        "owner": "nix-community",
        "repo": "disko",
        "rev": "e86a89079587497174ccab6d0d142a65811a4fd9",
        "type": "github"
      },
      "original": {
        "owner": "nix-community",
        "repo": "disko",
        "type": "github"
      }
    },
    "flake-compat": {
      "flake": false,
      "locked": {
        "lastModified": 1747046372,
        "narHash": "sha256-CIVLLkVgvHYbgI2UpXvIIBJ12HWgX+fjA8Xf8PUmqCY=",
        "owner": "edolstra",
        "repo": "flake-compat",
        "rev": "9100a0f413b0c601e0533d1d94ffd501ce2e7885",
        "type": "github"
      },
      "original": {
        "owner": "edolstra",
        "repo": "flake-compat",
        "type": "github"
      }
    },
    "flake-parts": {
      "inputs": {
        "nixpkgs-lib": [
          "nixpkgs"
        ]
      },
      "locked": {
        "lastModified": 1763759067,
        "narHash": "sha256-LlLt2Jo/gMNYAwOgdRQBrsRoOz7BPRkzvNaI/fzXi2Q=",
        "owner": "hercules-ci",
        "repo": "flake-parts",
        "rev": "2cccadc7357c0ba201788ae99c4dfa90728ef5e0",
        "type": "github"
      },
      "original": {
        "owner": "hercules-ci",
        "repo": "flake-parts",
        "type": "github"
      }
    },
    "git-hooks-nix": {
      "inputs": {
        "flake-compat": "flake-compat",
        "gitignore": "gitignore",
        "nixpkgs": [
          "nixpkgs"
        ]
      },
      "locked": {
        "lastModified": 1763741496,
        "narHash": "sha256-uIRqs/H18YEtMOn1OkbnPH+aNTwXKx+iU3qnxEkVUd0=",
        "owner": "cachix",
        "repo": "git-hooks.nix",
        "rev": "20e71a403c5de9ce5bd799031440da9728c1cda1",
        "type": "github"
      },
      "original": {
        "owner": "cachix",
        "repo": "git-hooks.nix",
        "type": "github"
      }
    },
    "gitignore": {
      "inputs": {
        "nixpkgs": [
          "git-hooks-nix",
          "nixpkgs"
        ]
      },
      "locked": {
        "lastModified": 1709087332,
        "narHash": "sha256-HG2cCnktfHsKV0s4XW83gU3F57gaTljL9KNSuG6bnQs=",
        "owner": "hercules-ci",
        "repo": "gitignore.nix",
        "rev": "637db329424fd7e46cf4185293b9cc8c88c95394",
        "type": "github"
      },
      "original": {
        "owner": "hercules-ci",
        "repo": "gitignore.nix",
        "type": "github"
      }
    },
    "golink": {
      "inputs": {
        "nixpkgs": [
          "nixpkgs"
        ],
        "systems": [
          "systems"
        ]
      },
      "locked": {
        "lastModified": 1760925941,
        "narHash": "sha256-M+EJsr6z05heKk6iuh3RWZS+9gAMBwG9IyryACVpOy0=",
        "owner": "tailscale",
        "repo": "golink",
        "rev": "42765dea97afa9f9f5ea167fb0df6f5372d78481",
        "type": "github"
      },
      "original": {
        "owner": "tailscale",
        "repo": "golink",
        "type": "github"
      }
    },
    "home-manager": {
      "inputs": {
        "nixpkgs": [
          "nixpkgs"
        ]
      },
      "locked": {
        "lastModified": 1763906693,
        "narHash": "sha256-inm7paa3myo8gE4TzjM8OPvsEg8xocWreIZBgBPEKgo=",
        "owner": "nix-community",
        "repo": "home-manager",
        "rev": "3d6c1c8fa0bea3a1a7ba23d6fa5993116766073b",
        "type": "github"
      },
      "original": {
        "owner": "nix-community",
        "repo": "home-manager",
        "type": "github"
      }
    },
    "homebrew-cask": {
      "flake": false,
      "locked": {
        "lastModified": 1763961215,
        "narHash": "sha256-lw/8BmiROlgcGNAsez4dE4YqJssxmxJUTwzMkZN6X28=",
        "owner": "homebrew",
        "repo": "homebrew-cask",
        "rev": "14802e3240276121be339f982464e48f854bf3d2",
        "type": "github"
      },
      "original": {
        "owner": "homebrew",
        "repo": "homebrew-cask",
        "type": "github"
      }
    },
    "homebrew-core": {
      "flake": false,
      "locked": {
        "lastModified": 1763961419,
        "narHash": "sha256-x7m7wK6RbPA1/N1UQGD1NJtWQmZpjqPovgDQPfUZpco=",
        "owner": "homebrew",
        "repo": "homebrew-core",
        "rev": "fd0c1bd83986de91bed24166f14b8e27a97a8e35",
        "type": "github"
      },
      "original": {
        "owner": "homebrew",
        "repo": "homebrew-core",
        "type": "github"
      }
    },
    "nix-darwin": {
      "inputs": {
        "nixpkgs": [
          "nixpkgs"
        ]
      },
      "locked": {
        "lastModified": 1763505477,
        "narHash": "sha256-nJRd4LY2kT3OELfHqdgWjvToNZ4w+zKCMzS2R6z4sXE=",
        "owner": "LnL7",
        "repo": "nix-darwin",
        "rev": "3bda9f6b14161becbd07b3c56411f1670e19b9b5",
        "type": "github"
      },
      "original": {
        "owner": "LnL7",
        "repo": "nix-darwin",
        "type": "github"
      }
    },
    "nix-homebrew": {
      "inputs": {
        "brew-src": "brew-src"
      },
      "locked": {
        "lastModified": 1761927470,
        "narHash": "sha256-KsFDGRGD8j1R6TvJ4HkebKsh3HXLY0XazanLrhO3wqE=",
        "owner": "zhaofengli",
        "repo": "nix-homebrew",
        "rev": "3cae36b3a17b09a66435291619dce8cf2c4728ca",
        "type": "github"
      },
      "original": {
        "owner": "zhaofengli",
        "repo": "nix-homebrew",
        "type": "github"
      }
    },
    "nixos-hardware": {
      "locked": {
        "lastModified": 1762847253,
        "narHash": "sha256-BWWnUUT01lPwCWUvS0p6Px5UOBFeXJ8jR+ZdLX8IbrU=",
        "owner": "NixOS",
        "repo": "nixos-hardware",
        "rev": "899dc449bc6428b9ee6b3b8f771ca2b0ef945ab9",
        "type": "github"
      },
      "original": {
        "owner": "NixOS",
        "repo": "nixos-hardware",
        "type": "github"
      }
    },
    "nixpkgs": {
      "locked": {
        "lastModified": 1763835633,
        "narHash": "sha256-HzxeGVID5MChuCPESuC0dlQL1/scDKu+MmzoVBJxulM=",
        "owner": "NixOS",
        "repo": "nixpkgs",
        "rev": "050e09e091117c3d7328c7b2b7b577492c43c134",
        "type": "github"
      },
      "original": {
        "owner": "NixOS",
        "ref": "nixos-unstable",
        "repo": "nixpkgs",
        "type": "github"
      }
    },
    "nixpkgs-stable": {
      "locked": {
        "lastModified": 1735563628,
        "narHash": "sha256-OnSAY7XDSx7CtDoqNh8jwVwh4xNL/2HaJxGjryLWzX8=",
        "owner": "nixos",
        "repo": "nixpkgs",
        "rev": "b134951a4c9f3c995fd7be05f3243f8ecd65d798",
        "type": "github"
      },
      "original": {
        "owner": "nixos",
        "ref": "nixos-24.05",
        "repo": "nixpkgs",
        "type": "github"
      }
    },
    "root": {
      "inputs": {
        "agenix": "agenix",
        "disko": "disko",
        "flake-parts": "flake-parts",
        "git-hooks-nix": "git-hooks-nix",
        "golink": "golink",
        "home-manager": "home-manager",
        "homebrew-cask": "homebrew-cask",
        "homebrew-core": "homebrew-core",
        "nix-darwin": "nix-darwin",
        "nix-homebrew": "nix-homebrew",
        "nixos-hardware": "nixos-hardware",
        "nixpkgs": "nixpkgs",
        "nixpkgs-stable": "nixpkgs-stable",
        "systems": "systems",
        "zx-dev": "zx-dev"
      }
    },
    "systems": {
      "flake": false,
      "locked": {
        "path": "./flake.systems.nix",
        "type": "path"
      },
      "original": {
        "path": "./flake.systems.nix",
        "type": "path"
      },
      "parent": []
    },
    "zx-dev": {
      "inputs": {
        "anemone": "anemone",
        "flake-parts": [
          "flake-parts"
        ],
        "nixpkgs": [
          "nixpkgs"
        ]
      },
      "locked": {
        "lastModified": 1751057819,
        "narHash": "sha256-z/8jtb/a7UDXNY7wUizTzQC8rg/j128llJSTjVp8x9g=",
        "owner": "stackptr",
        "repo": "zx.dev",
        "rev": "79ae9f45f2bc34edacda91b297ec68d26258417a",
        "type": "github"
      },
      "original": {
        "owner": "stackptr",
        "repo": "zx.dev",
        "type": "github"
      }
    }
  },
  "root": "root",
  "version": 7
}
